{
  "name": "eval-express",
  "version": "0.1.1",
  "lockfileVersion": 3,
  "requires": true,
  "packages": {
    "": {
      "name": "eval-express",
      "version": "0.1.1",
      "license": "MIT",
      "devDependencies": {
        "oipage": "^1.2.0"
      }
    },
    "node_modules/oipage": {
      "version": "1.2.0",
      "resolved": "https://registry.npmjs.org/oipage/-/oipage-1.2.0.tgz",
      "integrity": "sha512-RdPD2PHO3a8oRSMKDVhWz+L6D3uslbxhiYUO532eoZYlG7UAqhmSVp/xqDOwkZZkazkoIH1s82UyWHF+V261ug==",
      "dev": true,
      "dependencies": {
        "vislite": "^1.3.0"
      },
      "bin": {
        "oipage-cli": "bin/run"
      }
    },
    "node_modules/vislite": {
      "version": "1.3.0",
      "resolved": "https://registry.npmjs.org/vislite/-/vislite-1.3.0.tgz",
      "integrity": "sha512-JdzRUad9aPUgYTjGGc4Qhi4BesuN5Vlomuo2J/Bryt3S3i6ZBlTuFlqtgrWQ/qUXKgCzJPsvH0i82uFTnyHC1A==",
      "dev": true,
      "dependencies": {
        "oipage": "^0.1.0"
      }
    },
    "node_modules/vislite/node_modules/oipage": {
      "version": "0.1.0",
      "resolved": "https://registry.npmjs.org/oipage/-/oipage-0.1.0.tgz",
      "integrity": "sha512-CKMIUWsL2qB81EwEIGKW76mw8FfDOYFNKpJRsSqMW0x8CA7evQzKLAnTQ3DKrEvQM2FgnWPR51WD3GG7A8JTAw==",
      "dev": true,
      "bin": {
        "oipage-cli": "bin/run"
      }
    }
  }
}
